// !$*UTF8*$!
{
	archiveVersion = 1;
	classes = {
	};
	objectVersion = 56;
	objects = {

/* Begin PBXBuildFile section */
		495B5A2D2C38E2CA00EF375D /* TaskManagerView.swift in Sources */ = {isa = PBXBuildFile; fileRef = 495B5A2C2C38E2CA00EF375D /* TaskManagerView.swift */; };
		496CF8832C3C703F00EE4553 /* Parlay.swift in Sources */ = {isa = PBXBuildFile; fileRef = 496CF8822C3C703F00EE4553 /* Parlay.swift */; };
		496CF8852C3C735E00EE4553 /* EditTaskView.swift in Sources */ = {isa = PBXBuildFile; fileRef = 496CF8842C3C735E00EE4553 /* EditTaskView.swift */; };
		49926E952C3782A000F4ADDA /* BetCalendarApp.swift in Sources */ = {isa = PBXBuildFile; fileRef = 49926E942C3782A000F4ADDA /* BetCalendarApp.swift */; };
		49926E972C3782A000F4ADDA /* ContentView.swift in Sources */ = {isa = PBXBuildFile; fileRef = 49926E962C3782A000F4ADDA /* ContentView.swift */; };
		49926E992C3782A200F4ADDA /* Assets.xcassets in Resources */ = {isa = PBXBuildFile; fileRef = 49926E982C3782A200F4ADDA /* Assets.xcassets */; };
		49926E9C2C3782A200F4ADDA /* Preview Assets.xcassets in Resources */ = {isa = PBXBuildFile; fileRef = 49926E9B2C3782A200F4ADDA /* Preview Assets.xcassets */; };
		49926EA32C37979500F4ADDA /* Bet.swift in Sources */ = {isa = PBXBuildFile; fileRef = 49926EA22C37979500F4ADDA /* Bet.swift */; };
		49926EA72C37A5A900F4ADDA /* Task.swift in Sources */ = {isa = PBXBuildFile; fileRef = 49926EA62C37A5A900F4ADDA /* Task.swift */; };
/* End PBXBuildFile section */

/* Begin PBXFileReference section */
		495B5A2C2C38E2CA00EF375D /* TaskManagerView.swift */ = {isa = PBXFileReference; lastKnownFileType = sourcecode.swift; path = TaskManagerView.swift; sourceTree = "<group>"; };
		496CF8822C3C703F00EE4553 /* Parlay.swift */ = {isa = PBXFileReference; lastKnownFileType = sourcecode.swift; path = Parlay.swift; sourceTree = "<group>"; };
		496CF8842C3C735E00EE4553 /* EditTaskView.swift */ = {isa = PBXFileReference; lastKnownFileType = sourcecode.swift; path = EditTaskView.swift; sourceTree = "<group>"; };
		49926E912C3782A000F4ADDA /* BetCalendar.app */ = {isa = PBXFileReference; explicitFileType = wrapper.application; includeInIndex = 0; path = BetCalendar.app; sourceTree = BUILT_PRODUCTS_DIR; };
		49926E942C3782A000F4ADDA /* BetCalendarApp.swift */ = {isa = PBXFileReference; lastKnownFileType = sourcecode.swift; path = BetCalendarApp.swift; sourceTree = "<group>"; };
		49926E962C3782A000F4ADDA /* ContentView.swift */ = {isa = PBXFileReference; lastKnownFileType = sourcecode.swift; path = ContentView.swift; sourceTree = "<group>"; };
		49926E982C3782A200F4ADDA /* Assets.xcassets */ = {isa = PBXFileReference; lastKnownFileType = folder.assetcatalog; path = Assets.xcassets; sourceTree = "<group>"; };
		49926E9B2C3782A200F4ADDA /* Preview Assets.xcassets */ = {isa = PBXFileReference; lastKnownFileType = folder.assetcatalog; path = "Preview Assets.xcassets"; sourceTree = "<group>"; };
		49926EA22C37979500F4ADDA /* Bet.swift */ = {isa = PBXFileReference; lastKnownFileType = sourcecode.swift; path = Bet.swift; sourceTree = "<group>"; };
		49926EA62C37A5A900F4ADDA /* Task.swift */ = {isa = PBXFileReference; lastKnownFileType = sourcecode.swift; path = Task.swift; sourceTree = "<group>"; };
/* End PBXFileReference section */

/* Begin PBXFrameworksBuildPhase section */
		49926E8E2C3782A000F4ADDA /* Frameworks */ = {
			isa = PBXFrameworksBuildPhase;
			buildActionMask = 2147483647;
			files = (
			);
			runOnlyForDeploymentPostprocessing = 0;
		};
/* End PBXFrameworksBuildPhase section */

/* Begin PBXGroup section */
		49926E882C3782A000F4ADDA = {
			isa = PBXGroup;
			children = (
				49926E932C3782A000F4ADDA /* BetCalendar */,
				49926E922C3782A000F4ADDA /* Products */,
			);
			sourceTree = "<group>";
		};
		49926E922C3782A000F4ADDA /* Products */ = {
			isa = PBXGroup;
			children = (
				49926E912C3782A000F4ADDA /* BetCalendar.app */,
			);
			name = Products;
			sourceTree = "<group>";
		};
		49926E932C3782A000F4ADDA /* BetCalendar */ = {
			isa = PBXGroup;
			children = (
				49926E942C3782A000F4ADDA /* BetCalendarApp.swift */,
				49926EA62C37A5A900F4ADDA /* Task.swift */,
				49926EA22C37979500F4ADDA /* Bet.swift */,
				496CF8822C3C703F00EE4553 /* Parlay.swift */,
				495B5A2C2C38E2CA00EF375D /* TaskManagerView.swift */,
				496CF8842C3C735E00EE4553 /* EditTaskView.swift */,
				49926E962C3782A000F4ADDA /* ContentView.swift */,
				49926E982C3782A200F4ADDA /* Assets.xcassets */,
				49926E9A2C3782A200F4ADDA /* Preview Content */,
			);
			path = BetCalendar;
			sourceTree = "<group>";
		};
		49926E9A2C3782A200F4ADDA /* Preview Content */ = {
			isa = PBXGroup;
			children = (
				49926E9B2C3782A200F4ADDA /* Preview Assets.xcassets */,
			);
			path = "Preview Content";
			sourceTree = "<group>";
		};
/* End PBXGroup section */

/* Begin PBXNativeTarget section */
		49926E902C3782A000F4ADDA /* BetCalendar */ = {
			isa = PBXNativeTarget;
			buildConfigurationList = 49926E9F2C3782A200F4ADDA /* Build configuration list for PBXNativeTarget "BetCalendar" */;
			buildPhases = (
				49926E8D2C3782A000F4ADDA /* Sources */,
				49926E8E2C3782A000F4ADDA /* Frameworks */,
				49926E8F2C3782A000F4ADDA /* Resources */,
			);
			buildRules = (
			);
			dependencies = (
			);
			name = BetCalendar;
			productName = BetCalendar;
			productReference = 49926E912C3782A000F4ADDA /* BetCalendar.app */;
			productType = "com.apple.product-type.application";
		};
/* End PBXNativeTarget section */

/* Begin PBXProject section */
		49926E892C3782A000F4ADDA /* Project object */ = {
			isa = PBXProject;
			attributes = {
				BuildIndependentTargetsInParallel = 1;
				LastSwiftUpdateCheck = 1540;
				LastUpgradeCheck = 1540;
				TargetAttributes = {
					49926E902C3782A000F4ADDA = {
						CreatedOnToolsVersion = 15.4;
					};
				};
			};
			buildConfigurationList = 49926E8C2C3782A000F4ADDA /* Build configuration list for PBXProject "BetCalendar" */;
			compatibilityVersion = "Xcode 14.0";
			developmentRegion = en;
			hasScannedForEncodings = 0;
			knownRegions = (
				en,
				Base,
			);
			mainGroup = 49926E882C3782A000F4ADDA;
			productRefGroup = 49926E922C3782A000F4ADDA /* Products */;
			projectDirPath = "";
			projectRoot = "";
			targets = (
				49926E902C3782A000F4ADDA /* BetCalendar */,
			);
		};
/* End PBXProject section */

/* Begin PBXResourcesBuildPhase section */
		49926E8F2C3782A000F4ADDA /* Resources */ = {
			isa = PBXResourcesBuildPhase;
			buildActionMask = 2147483647;
			files = (
				49926E9C2C3782A200F4ADDA /* Preview Assets.xcassets in Resources */,
				49926E992C3782A200F4ADDA /* Assets.xcassets in Resources */,
			);
			runOnlyForDeploymentPostprocessing = 0;
		};
/* End PBXResourcesBuildPhase section */

/* Begin PBXSourcesBuildPhase section */
		49926E8D2C3782A000F4ADDA /* Sources */ = {
			isa = PBXSourcesBuildPhase;
			buildActionMask = 2147483647;
			files = (
				49926E972C3782A000F4ADDA /* ContentView.swift in Sources */,
				496CF8852C3C735E00EE4553 /* EditTaskView.swift in Sources */,
				495B5A2D2C38E2CA00EF375D /* TaskManagerView.swift in Sources */,
				49926EA72C37A5A900F4ADDA /* Task.swift in Sources */,
				49926EA32C37979500F4ADDA /* Bet.swift in Sources */,
				49926E952C3782A000F4ADDA /* BetCalendarApp.swift in Sources */,
				496CF8832C3C703F00EE4553 /* Parlay.swift in Sources */,
			);
			runOnlyForDeploymentPostprocessing = 0;
		};
/* End PBXSourcesBuildPhase section */

/* Begin XCBuildConfiguration section */
		49926E9D2C3782A200F4ADDA /* Debug */ = {
			isa = XCBuildConfiguration;
			buildSettings = {
				ALWAYS_SEARCH_USER_PATHS = NO;
				ASSETCATALOG_COMPILER_GENERATE_SWIFT_ASSET_SYMBOL_EXTENSIONS = YES;
				CLANG_ANALYZER_NONNULL = YES;
				CLANG_ANALYZER_NUMBER_OBJECT_CONVERSION = YES_AGGRESSIVE;
				CLANG_CXX_LANGUAGE_STANDARD = "gnu++20";
				CLANG_ENABLE_MODULES = YES;
				CLANG_ENABLE_OBJC_ARC = YES;
				CLANG_ENABLE_OBJC_WEAK = YES;
				CLANG_WARN_BLOCK_CAPTURE_AUTORELEASING = YES;
				CLANG_WARN_BOOL_CONVERSION = YES;
				CLANG_WARN_COMMA = YES;
				CLANG_WARN_CONSTANT_CONVERSION = YES;
				CLANG_WARN_DEPRECATED_OBJC_IMPLEMENTATIONS = YES;
				CLANG_WARN_DIRECT_OBJC_ISA_USAGE = YES_ERROR;
				CLANG_WARN_DOCUMENTATION_COMMENTS = YES;
				CLANG_WARN_EMPTY_BODY = YES;
				CLANG_WARN_ENUM_CONVERSION = YES;
				CLANG_WARN_INFINITE_RECURSION = YES;
				CLANG_WARN_INT_CONVERSION = YES;
				CLANG_WARN_NON_LITERAL_NULL_CONVERSION = YES;
				CLANG_WARN_OBJC_IMPLICIT_RETAIN_SELF = YES;
				CLANG_WARN_OBJC_LITERAL_CONVERSION = YES;
				CLANG_WARN_OBJC_ROOT_CLASS = YES_ERROR;
				CLANG_WARN_QUOTED_INCLUDE_IN_FRAMEWORK_HEADER = YES;
				CLANG_WARN_RANGE_LOOP_ANALYSIS = YES;
				CLANG_WARN_STRICT_PROTOTYPES = YES;
				CLANG_WARN_SUSPICIOUS_MOVE = YES;
				CLANG_WARN_UNGUARDED_AVAILABILITY = YES_AGGRESSIVE;
				CLANG_WARN_UNREACHABLE_CODE = YES;
				CLANG_WARN__DUPLICATE_METHOD_MATCH = YES;
				COPY_PHASE_STRIP = NO;
				DEBUG_INFORMATION_FORMAT = dwarf;
				ENABLE_STRICT_OBJC_MSGSEND = YES;
				ENABLE_TESTABILITY = YES;
				ENABLE_USER_SCRIPT_SANDBOXING = YES;
				GCC_C_LANGUAGE_STANDARD = gnu17;
				GCC_DYNAMIC_NO_PIC = NO;
				GCC_NO_COMMON_BLOCKS = YES;
				GCC_OPTIMIZATION_LEVEL = 0;
				GCC_PREPROCESSOR_DEFINITIONS = (
					"DEBUG=1",
					"$(inherited)",
				);
				GCC_WARN_64_TO_32_BIT_CONVERSION = YES;
				GCC_WARN_ABOUT_RETURN_TYPE = YES_ERROR;
				GCC_WARN_UNDECLARED_SELECTOR = YES;
				GCC_WARN_UNINITIALIZED_AUTOS = YES_AGGRESSIVE;
				GCC_WARN_UNUSED_FUNCTION = YES;
				GCC_WARN_UNUSED_VARIABLE = YES;
				IPHONEOS_DEPLOYMENT_TARGET = 17.5;
				LOCALIZATION_PREFERS_STRING_CATALOGS = YES;
				MTL_ENABLE_DEBUG_INFO = INCLUDE_SOURCE;
				MTL_FAST_MATH = YES;
				ONLY_ACTIVE_ARCH = YES;
				SDKROOT = iphoneos;
				SWIFT_ACTIVE_COMPILATION_CONDITIONS = "DEBUG $(inherited)";
				SWIFT_OPTIMIZATION_LEVEL = "-Onone";
			};
			name = Debug;
		};
		49926E9E2C3782A200F4ADDA /* Release */ = {
			isa = XCBuildConfiguration;
			buildSettings = {
				ALWAYS_SEARCH_USER_PATHS = NO;
				ASSETCATALOG_COMPILER_GENERATE_SWIFT_ASSET_SYMBOL_EXTENSIONS = YES;
				CLANG_ANALYZER_NONNULL = YES;
				CLANG_ANALYZER_NUMBER_OBJECT_CONVERSION = YES_AGGRESSIVE;
				CLANG_CXX_LANGUAGE_STANDARD = "gnu++20";
				CLANG_ENABLE_MODULES = YES;
				CLANG_ENABLE_OBJC_ARC = YES;
				CLANG_ENABLE_OBJC_WEAK = YES;
				CLANG_WARN_BLOCK_CAPTURE_AUTORELEASING = YES;
				CLANG_WARN_BOOL_CONVERSION = YES;
				CLANG_WARN_COMMA = YES;
				CLANG_WARN_CONSTANT_CONVERSION = YES;
				CLANG_WARN_DEPRECATED_OBJC_IMPLEMENTATIONS = YES;
				CLANG_WARN_DIRECT_OBJC_ISA_USAGE = YES_ERROR;
				CLANG_WARN_DOCUMENTATION_COMMENTS = YES;
				CLANG_WARN_EMPTY_BODY = YES;
				CLANG_WARN_ENUM_CONVERSION = YES;
				CLANG_WARN_INFINITE_RECURSION = YES;
				CLANG_WARN_INT_CONVERSION = YES;
				CLANG_WARN_NON_LITERAL_NULL_CONVERSION = YES;
				CLANG_WARN_OBJC_IMPLICIT_RETAIN_SELF = YES;
				CLANG_WARN_OBJC_LITERAL_CONVERSION = YES;
				CLANG_WARN_OBJC_ROOT_CLASS = YES_ERROR;
				CLANG_WARN_QUOTED_INCLUDE_IN_FRAMEWORK_HEADER = YES;
				CLANG_WARN_RANGE_LOOP_ANALYSIS = YES;
				CLANG_WARN_STRICT_PROTOTYPES = YES;
				CLANG_WARN_SUSPICIOUS_MOVE = YES;
				CLANG_WARN_UNGUARDED_AVAILABILITY = YES_AGGRESSIVE;
				CLANG_WARN_UNREACHABLE_CODE = YES;
				CLANG_WARN__DUPLICATE_METHOD_MATCH = YES;
				COPY_PHASE_STRIP = NO;
				DEBUG_INFORMATION_FORMAT = "dwarf-with-dsym";
				ENABLE_NS_ASSERTIONS = NO;
				ENABLE_STRICT_OBJC_MSGSEND = YES;
				ENABLE_USER_SCRIPT_SANDBOXING = YES;
				GCC_C_LANGUAGE_STANDARD = gnu17;
				GCC_NO_COMMON_BLOCKS = YES;
				GCC_WARN_64_TO_32_BIT_CONVERSION = YES;
				GCC_WARN_ABOUT_RETURN_TYPE = YES_ERROR;
				GCC_WARN_UNDECLARED_SELECTOR = YES;
				GCC_WARN_UNINITIALIZED_AUTOS = YES_AGGRESSIVE;
				GCC_WARN_UNUSED_FUNCTION = YES;
				GCC_WARN_UNUSED_VARIABLE = YES;
				IPHONEOS_DEPLOYMENT_TARGET = 17.5;
				LOCALIZATION_PREFERS_STRING_CATALOGS = YES;
				MTL_ENABLE_DEBUG_INFO = NO;
				MTL_FAST_MATH = YES;
				SDKROOT = iphoneos;
				SWIFT_COMPILATION_MODE = wholemodule;
				VALIDATE_PRODUCT = YES;
			};
			name = Release;
		};
		49926EA02C3782A200F4ADDA /* Debug */ = {
			isa = XCBuildConfiguration;
			buildSettings = {
				ASSETCATALOG_COMPILER_APPICON_NAME = AppIcon;
				ASSETCATALOG_COMPILER_GLOBAL_ACCENT_COLOR_NAME = AccentColor;
				CODE_SIGN_STYLE = Automatic;
				CURRENT_PROJECT_VERSION = 1;
				DEVELOPMENT_ASSET_PATHS = "\"BetCalendar/Preview Content\"";
				ENABLE_PREVIEWS = YES;
				GENERATE_INFOPLIST_FILE = YES;
				INFOPLIST_KEY_UIApplicationSceneManifest_Generation = YES;
				INFOPLIST_KEY_UIApplicationSupportsIndirectInputEvents = YES;
				INFOPLIST_KEY_UILaunchScreen_Generation = YES;
				INFOPLIST_KEY_UISupportedInterfaceOrientations_iPad = "UIInterfaceOrientationPortrait UIInterfaceOrientationPortraitUpsideDown UIInterfaceOrientationLandscapeLeft UIInterfaceOrientationLandscapeRight";
				INFOPLIST_KEY_UISupportedInterfaceOrientations_iPhone = "UIInterfaceOrientationPortrait UIInterfaceOrientationLandscapeLeft UIInterfaceOrientationLandscapeRight";
				LD_RUNPATH_SEARCH_PATHS = (
					"$(inherited)",
					"@executable_path/Frameworks",
				);
				MARKETING_VERSION = 1.0;
				PRODUCT_BUNDLE_IDENTIFIER = com.andrewxin.BetCalendar;
				PRODUCT_NAME = "$(TARGET_NAME)";
				SWIFT_EMIT_LOC_STRINGS = YES;
				SWIFT_VERSION = 5.0;
				TARGETED_DEVICE_FAMILY = "1,2";
			};
			name = Debug;
		};
		49926EA12C3782A200F4ADDA /* Release */ = {
			isa = XCBuildConfiguration;
			buildSettings = {
				ASSETCATALOG_COMPILER_APPICON_NAME = AppIcon;
				ASSETCATALOG_COMPILER_GLOBAL_ACCENT_COLOR_NAME = AccentColor;
				CODE_SIGN_STYLE = Automatic;
				CURRENT_PROJECT_VERSION = 1;
				DEVELOPMENT_ASSET_PATHS = "\"BetCalendar/Preview Content\"";
				ENABLE_PREVIEWS = YES;
				GENERATE_INFOPLIST_FILE = YES;
				INFOPLIST_KEY_UIApplicationSceneManifest_Generation = YES;
				INFOPLIST_KEY_UIApplicationSupportsIndirectInputEvents = YES;
				INFOPLIST_KEY_UILaunchScreen_Generation = YES;
				INFOPLIST_KEY_UISupportedInterfaceOrientations_iPad = "UIInterfaceOrientationPortrait UIInterfaceOrientationPortraitUpsideDown UIInterfaceOrientationLandscapeLeft UIInterfaceOrientationLandscapeRight";
				INFOPLIST_KEY_UISupportedInterfaceOrientations_iPhone = "UIInterfaceOrientationPortrait UIInterfaceOrientationLandscapeLeft UIInterfaceOrientationLandscapeRight";
				LD_RUNPATH_SEARCH_PATHS = (
					"$(inherited)",
					"@executable_path/Frameworks",
				);
				MARKETING_VERSION = 1.0;
				PRODUCT_BUNDLE_IDENTIFIER = com.andrewxin.BetCalendar;
				PRODUCT_NAME = "$(TARGET_NAME)";
				SWIFT_EMIT_LOC_STRINGS = YES;
				SWIFT_VERSION = 5.0;
				TARGETED_DEVICE_FAMILY = "1,2";
			};
			name = Release;
		};
/* End XCBuildConfiguration section */

/* Begin XCConfigurationList section */
		49926E8C2C3782A000F4ADDA /* Build configuration list for PBXProject "BetCalendar" */ = {
			isa = XCConfigurationList;
			buildConfigurations = (
				49926E9D2C3782A200F4ADDA /* Debug */,
				49926E9E2C3782A200F4ADDA /* Release */,
			);
			defaultConfigurationIsVisible = 0;
			defaultConfigurationName = Release;
		};
		49926E9F2C3782A200F4ADDA /* Build configuration list for PBXNativeTarget "BetCalendar" */ = {
			isa = XCConfigurationList;
			buildConfigurations = (
				49926EA02C3782A200F4ADDA /* Debug */,
				49926EA12C3782A200F4ADDA /* Release */,
			);
			defaultConfigurationIsVisible = 0;
			defaultConfigurationName = Release;
		};
/* End XCConfigurationList section */
	};
	rootObject = 49926E892C3782A000F4ADDA /* Project object */;
}
